// !$*UTF8*$!
{
	archiveVersion = 1;
	classes = {
	};
	objectVersion = 56;
	objects = {

/* Begin PBXBuildFile section */
		29F73DD92B18784300C11197 /* Qesh_swiftApp.swift in Sources */ = {isa = PBXBuildFile; fileRef = 29F73DD82B18784300C11197 /* Qesh_swiftApp.swift */; };
		29F73DDB2B18784300C11197 /* ContentView.swift in Sources */ = {isa = PBXBuildFile; fileRef = 29F73DDA2B18784300C11197 /* ContentView.swift */; };
		29F73DDD2B18784500C11197 /* Assets.xcassets in Resources */ = {isa = PBXBuildFile; fileRef = 29F73DDC2B18784500C11197 /* Assets.xcassets */; };
		29F73DE02B18784500C11197 /* Preview Assets.xcassets in Resources */ = {isa = PBXBuildFile; fileRef = 29F73DDF2B18784500C11197 /* Preview Assets.xcassets */; };
		29F73DEA2B18784500C11197 /* Qesh_swiftTests.swift in Sources */ = {isa = PBXBuildFile; fileRef = 29F73DE92B18784500C11197 /* Qesh_swiftTests.swift */; };
		29F73DF42B18784500C11197 /* Qesh_swiftUITests.swift in Sources */ = {isa = PBXBuildFile; fileRef = 29F73DF32B18784500C11197 /* Qesh_swiftUITests.swift */; };
		29F73DF62B18784500C11197 /* Qesh_swiftUITestsLaunchTests.swift in Sources */ = {isa = PBXBuildFile; fileRef = 29F73DF52B18784500C11197 /* Qesh_swiftUITestsLaunchTests.swift */; };
/* End PBXBuildFile section */

/* Begin PBXContainerItemProxy section */
		29F73DE62B18784500C11197 /* PBXContainerItemProxy */ = {
			isa = PBXContainerItemProxy;
			containerPortal = 29F73DCD2B18784300C11197 /* Project object */;
			proxyType = 1;
			remoteGlobalIDString = 29F73DD42B18784300C11197;
			remoteInfo = "Qesh-swift";
		};
		29F73DF02B18784500C11197 /* PBXContainerItemProxy */ = {
			isa = PBXContainerItemProxy;
			containerPortal = 29F73DCD2B18784300C11197 /* Project object */;
			proxyType = 1;
			remoteGlobalIDString = 29F73DD42B18784300C11197;
			remoteInfo = "Qesh-swift";
		};
/* End PBXContainerItemProxy section */

/* Begin PBXFileReference section */
		29F73DD52B18784300C11197 /* Qesh-swift.app */ = {isa = PBXFileReference; explicitFileType = wrapper.application; includeInIndex = 0; path = "Qesh-swift.app"; sourceTree = BUILT_PRODUCTS_DIR; };
		29F73DD82B18784300C11197 /* Qesh_swiftApp.swift */ = {isa = PBXFileReference; lastKnownFileType = sourcecode.swift; path = Qesh_swiftApp.swift; sourceTree = "<group>"; };
		29F73DDA2B18784300C11197 /* ContentView.swift */ = {isa = PBXFileReference; lastKnownFileType = sourcecode.swift; path = ContentView.swift; sourceTree = "<group>"; };
		29F73DDC2B18784500C11197 /* Assets.xcassets */ = {isa = PBXFileReference; lastKnownFileType = folder.assetcatalog; path = Assets.xcassets; sourceTree = "<group>"; };
		29F73DDF2B18784500C11197 /* Preview Assets.xcassets */ = {isa = PBXFileReference; lastKnownFileType = folder.assetcatalog; path = "Preview Assets.xcassets"; sourceTree = "<group>"; };
		29F73DE52B18784500C11197 /* Qesh-swiftTests.xctest */ = {isa = PBXFileReference; explicitFileType = wrapper.cfbundle; includeInIndex = 0; path = "Qesh-swiftTests.xctest"; sourceTree = BUILT_PRODUCTS_DIR; };
		29F73DE92B18784500C11197 /* Qesh_swiftTests.swift */ = {isa = PBXFileReference; lastKnownFileType = sourcecode.swift; path = Qesh_swiftTests.swift; sourceTree = "<group>"; };
		29F73DEF2B18784500C11197 /* Qesh-swiftUITests.xctest */ = {isa = PBXFileReference; explicitFileType = wrapper.cfbundle; includeInIndex = 0; path = "Qesh-swiftUITests.xctest"; sourceTree = BUILT_PRODUCTS_DIR; };
		29F73DF32B18784500C11197 /* Qesh_swiftUITests.swift */ = {isa = PBXFileReference; lastKnownFileType = sourcecode.swift; path = Qesh_swiftUITests.swift; sourceTree = "<group>"; };
		29F73DF52B18784500C11197 /* Qesh_swiftUITestsLaunchTests.swift */ = {isa = PBXFileReference; lastKnownFileType = sourcecode.swift; path = Qesh_swiftUITestsLaunchTests.swift; sourceTree = "<group>"; };
/* End PBXFileReference section */

/* Begin PBXFrameworksBuildPhase section */
		29F73DD22B18784300C11197 /* Frameworks */ = {
			isa = PBXFrameworksBuildPhase;
			buildActionMask = 2147483647;
			files = (
			);
			runOnlyForDeploymentPostprocessing = 0;
		};
		29F73DE22B18784500C11197 /* Frameworks */ = {
			isa = PBXFrameworksBuildPhase;
			buildActionMask = 2147483647;
			files = (
			);
			runOnlyForDeploymentPostprocessing = 0;
		};
		29F73DEC2B18784500C11197 /* Frameworks */ = {
			isa = PBXFrameworksBuildPhase;
			buildActionMask = 2147483647;
			files = (
			);
			runOnlyForDeploymentPostprocessing = 0;
		};
/* End PBXFrameworksBuildPhase section */

/* Begin PBXGroup section */
		29F73DCC2B18784300C11197 = {
			isa = PBXGroup;
			children = (
				29F73DD72B18784300C11197 /* Qesh-swift */,
				29F73DE82B18784500C11197 /* Qesh-swiftTests */,
				29F73DF22B18784500C11197 /* Qesh-swiftUITests */,
				29F73DD62B18784300C11197 /* Products */,
			);
			sourceTree = "<group>";
		};
		29F73DD62B18784300C11197 /* Products */ = {
			isa = PBXGroup;
			children = (
				29F73DD52B18784300C11197 /* Qesh-swift.app */,
				29F73DE52B18784500C11197 /* Qesh-swiftTests.xctest */,
				29F73DEF2B18784500C11197 /* Qesh-swiftUITests.xctest */,
			);
			name = Products;
			sourceTree = "<group>";
		};
		29F73DD72B18784300C11197 /* Qesh-swift */ = {
			isa = PBXGroup;
			children = (
				29F73DD82B18784300C11197 /* Qesh_swiftApp.swift */,
				29F73DDA2B18784300C11197 /* ContentView.swift */,
				29F73DDC2B18784500C11197 /* Assets.xcassets */,
				29F73DDE2B18784500C11197 /* Preview Content */,
			);
			path = "Qesh-swift";
			sourceTree = "<group>";
		};
		29F73DDE2B18784500C11197 /* Preview Content */ = {
			isa = PBXGroup;
			children = (
				29F73DDF2B18784500C11197 /* Preview Assets.xcassets */,
			);
			path = "Preview Content";
			sourceTree = "<group>";
		};
		29F73DE82B18784500C11197 /* Qesh-swiftTests */ = {
			isa = PBXGroup;
			children = (
				29F73DE92B18784500C11197 /* Qesh_swiftTests.swift */,
			);
			path = "Qesh-swiftTests";
			sourceTree = "<group>";
		};
		29F73DF22B18784500C11197 /* Qesh-swiftUITests */ = {
			isa = PBXGroup;
			children = (
				29F73DF32B18784500C11197 /* Qesh_swiftUITests.swift */,
				29F73DF52B18784500C11197 /* Qesh_swiftUITestsLaunchTests.swift */,
			);
			path = "Qesh-swiftUITests";
			sourceTree = "<group>";
		};
/* End PBXGroup section */

/* Begin PBXNativeTarget section */
		29F73DD42B18784300C11197 /* Qesh-swift */ = {
			isa = PBXNativeTarget;
			buildConfigurationList = 29F73DF92B18784500C11197 /* Build configuration list for PBXNativeTarget "Qesh-swift" */;
			buildPhases = (
				29F73DD12B18784300C11197 /* Sources */,
				29F73DD22B18784300C11197 /* Frameworks */,
				29F73DD32B18784300C11197 /* Resources */,
			);
			buildRules = (
			);
			dependencies = (
			);
			name = "Qesh-swift";
			productName = "Qesh-swift";
			productReference = 29F73DD52B18784300C11197 /* Qesh-swift.app */;
			productType = "com.apple.product-type.application";
		};
		29F73DE42B18784500C11197 /* Qesh-swiftTests */ = {
			isa = PBXNativeTarget;
			buildConfigurationList = 29F73DFC2B18784500C11197 /* Build configuration list for PBXNativeTarget "Qesh-swiftTests" */;
			buildPhases = (
				29F73DE12B18784500C11197 /* Sources */,
				29F73DE22B18784500C11197 /* Frameworks */,
				29F73DE32B18784500C11197 /* Resources */,
			);
			buildRules = (
			);
			dependencies = (
				29F73DE72B18784500C11197 /* PBXTargetDependency */,
			);
			name = "Qesh-swiftTests";
			productName = "Qesh-swiftTests";
			productReference = 29F73DE52B18784500C11197 /* Qesh-swiftTests.xctest */;
			productType = "com.apple.product-type.bundle.unit-test";
		};
		29F73DEE2B18784500C11197 /* Qesh-swiftUITests */ = {
			isa = PBXNativeTarget;
			buildConfigurationList = 29F73DFF2B18784500C11197 /* Build configuration list for PBXNativeTarget "Qesh-swiftUITests" */;
			buildPhases = (
				29F73DEB2B18784500C11197 /* Sources */,
				29F73DEC2B18784500C11197 /* Frameworks */,
				29F73DED2B18784500C11197 /* Resources */,
			);
			buildRules = (
			);
			dependencies = (
				29F73DF12B18784500C11197 /* PBXTargetDependency */,
			);
			name = "Qesh-swiftUITests";
			productName = "Qesh-swiftUITests";
			productReference = 29F73DEF2B18784500C11197 /* Qesh-swiftUITests.xctest */;
			productType = "com.apple.product-type.bundle.ui-testing";
		};
/* End PBXNativeTarget section */

/* Begin PBXProject section */
		29F73DCD2B18784300C11197 /* Project object */ = {
			isa = PBXProject;
			attributes = {
				BuildIndependentTargetsInParallel = 1;
				LastSwiftUpdateCheck = 1500;
				LastUpgradeCheck = 1500;
				TargetAttributes = {
					29F73DD42B18784300C11197 = {
						CreatedOnToolsVersion = 15.0.1;
					};
					29F73DE42B18784500C11197 = {
						CreatedOnToolsVersion = 15.0.1;
						TestTargetID = 29F73DD42B18784300C11197;
					};
					29F73DEE2B18784500C11197 = {
						CreatedOnToolsVersion = 15.0.1;
						TestTargetID = 29F73DD42B18784300C11197;
					};
				};
			};
			buildConfigurationList = 29F73DD02B18784300C11197 /* Build configuration list for PBXProject "Qesh-swift" */;
			compatibilityVersion = "Xcode 14.0";
			developmentRegion = en;
			hasScannedForEncodings = 0;
			knownRegions = (
				en,
				Base,
			);
			mainGroup = 29F73DCC2B18784300C11197;
			productRefGroup = 29F73DD62B18784300C11197 /* Products */;
			projectDirPath = "";
			projectRoot = "";
			targets = (
				29F73DD42B18784300C11197 /* Qesh-swift */,
				29F73DE42B18784500C11197 /* Qesh-swiftTests */,
				29F73DEE2B18784500C11197 /* Qesh-swiftUITests */,
			);
		};
/* End PBXProject section */

/* Begin PBXResourcesBuildPhase section */
		29F73DD32B18784300C11197 /* Resources */ = {
			isa = PBXResourcesBuildPhase;
			buildActionMask = 2147483647;
			files = (
				29F73DE02B18784500C11197 /* Preview Assets.xcassets in Resources */,
				29F73DDD2B18784500C11197 /* Assets.xcassets in Resources */,
			);
			runOnlyForDeploymentPostprocessing = 0;
		};
		29F73DE32B18784500C11197 /* Resources */ = {
			isa = PBXResourcesBuildPhase;
			buildActionMask = 2147483647;
			files = (
			);
			runOnlyForDeploymentPostprocessing = 0;
		};
		29F73DED2B18784500C11197 /* Resources */ = {
			isa = PBXResourcesBuildPhase;
			buildActionMask = 2147483647;
			files = (
			);
			runOnlyForDeploymentPostprocessing = 0;
		};
/* End PBXResourcesBuildPhase section */

/* Begin PBXSourcesBuildPhase section */
		29F73DD12B18784300C11197 /* Sources */ = {
			isa = PBXSourcesBuildPhase;
			buildActionMask = 2147483647;
			files = (
				29F73DDB2B18784300C11197 /* ContentView.swift in Sources */,
				29F73DD92B18784300C11197 /* Qesh_swiftApp.swift in Sources */,
			);
			runOnlyForDeploymentPostprocessing = 0;
		};
		29F73DE12B18784500C11197 /* Sources */ = {
			isa = PBXSourcesBuildPhase;
			buildActionMask = 2147483647;
			files = (
				29F73DEA2B18784500C11197 /* Qesh_swiftTests.swift in Sources */,
			);
			runOnlyForDeploymentPostprocessing = 0;
		};
		29F73DEB2B18784500C11197 /* Sources */ = {
			isa = PBXSourcesBuildPhase;
			buildActionMask = 2147483647;
			files = (
				29F73DF42B18784500C11197 /* Qesh_swiftUITests.swift in Sources */,
				29F73DF62B18784500C11197 /* Qesh_swiftUITestsLaunchTests.swift in Sources */,
			);
			runOnlyForDeploymentPostprocessing = 0;
		};
/* End PBXSourcesBuildPhase section */

/* Begin PBXTargetDependency section */
		29F73DE72B18784500C11197 /* PBXTargetDependency */ = {
			isa = PBXTargetDependency;
			target = 29F73DD42B18784300C11197 /* Qesh-swift */;
			targetProxy = 29F73DE62B18784500C11197 /* PBXContainerItemProxy */;
		};
		29F73DF12B18784500C11197 /* PBXTargetDependency */ = {
			isa = PBXTargetDependency;
			target = 29F73DD42B18784300C11197 /* Qesh-swift */;
			targetProxy = 29F73DF02B18784500C11197 /* PBXContainerItemProxy */;
		};
/* End PBXTargetDependency section */

/* Begin XCBuildConfiguration section */
		29F73DF72B18784500C11197 /* Debug */ = {
			isa = XCBuildConfiguration;
			buildSettings = {
				ALWAYS_SEARCH_USER_PATHS = NO;
				ASSETCATALOG_COMPILER_GENERATE_SWIFT_ASSET_SYMBOL_EXTENSIONS = YES;
				CLANG_ANALYZER_NONNULL = YES;
				CLANG_ANALYZER_NUMBER_OBJECT_CONVERSION = YES_AGGRESSIVE;
				CLANG_CXX_LANGUAGE_STANDARD = "gnu++20";
				CLANG_ENABLE_MODULES = YES;
				CLANG_ENABLE_OBJC_ARC = YES;
				CLANG_ENABLE_OBJC_WEAK = YES;
				CLANG_WARN_BLOCK_CAPTURE_AUTORELEASING = YES;
				CLANG_WARN_BOOL_CONVERSION = YES;
				CLANG_WARN_COMMA = YES;
				CLANG_WARN_CONSTANT_CONVERSION = YES;
				CLANG_WARN_DEPRECATED_OBJC_IMPLEMENTATIONS = YES;
				CLANG_WARN_DIRECT_OBJC_ISA_USAGE = YES_ERROR;
				CLANG_WARN_DOCUMENTATION_COMMENTS = YES;
				CLANG_WARN_EMPTY_BODY = YES;
				CLANG_WARN_ENUM_CONVERSION = YES;
				CLANG_WARN_INFINITE_RECURSION = YES;
				CLANG_WARN_INT_CONVERSION = YES;
				CLANG_WARN_NON_LITERAL_NULL_CONVERSION = YES;
				CLANG_WARN_OBJC_IMPLICIT_RETAIN_SELF = YES;
				CLANG_WARN_OBJC_LITERAL_CONVERSION = YES;
				CLANG_WARN_OBJC_ROOT_CLASS = YES_ERROR;
				CLANG_WARN_QUOTED_INCLUDE_IN_FRAMEWORK_HEADER = YES;
				CLANG_WARN_RANGE_LOOP_ANALYSIS = YES;
				CLANG_WARN_STRICT_PROTOTYPES = YES;
				CLANG_WARN_SUSPICIOUS_MOVE = YES;
				CLANG_WARN_UNGUARDED_AVAILABILITY = YES_AGGRESSIVE;
				CLANG_WARN_UNREACHABLE_CODE = YES;
				CLANG_WARN__DUPLICATE_METHOD_MATCH = YES;
				COPY_PHASE_STRIP = NO;
				DEBUG_INFORMATION_FORMAT = dwarf;
				ENABLE_STRICT_OBJC_MSGSEND = YES;
				ENABLE_TESTABILITY = YES;
				ENABLE_USER_SCRIPT_SANDBOXING = YES;
				GCC_C_LANGUAGE_STANDARD = gnu17;
				GCC_DYNAMIC_NO_PIC = NO;
				GCC_NO_COMMON_BLOCKS = YES;
				GCC_OPTIMIZATION_LEVEL = 0;
				GCC_PREPROCESSOR_DEFINITIONS = (
					"DEBUG=1",
					"$(inherited)",
				);
				GCC_WARN_64_TO_32_BIT_CONVERSION = YES;
				GCC_WARN_ABOUT_RETURN_TYPE = YES_ERROR;
				GCC_WARN_UNDECLARED_SELECTOR = YES;
				GCC_WARN_UNINITIALIZED_AUTOS = YES_AGGRESSIVE;
				GCC_WARN_UNUSED_FUNCTION = YES;
				GCC_WARN_UNUSED_VARIABLE = YES;
				IPHONEOS_DEPLOYMENT_TARGET = 17.0;
				LOCALIZATION_PREFERS_STRING_CATALOGS = YES;
				MTL_ENABLE_DEBUG_INFO = INCLUDE_SOURCE;
				MTL_FAST_MATH = YES;
				ONLY_ACTIVE_ARCH = YES;
				SDKROOT = iphoneos;
				SWIFT_ACTIVE_COMPILATION_CONDITIONS = "DEBUG $(inherited)";
				SWIFT_OPTIMIZATION_LEVEL = "-Onone";
			};
			name = Debug;
		};
		29F73DF82B18784500C11197 /* Release */ = {
			isa = XCBuildConfiguration;
			buildSettings = {
				ALWAYS_SEARCH_USER_PATHS = NO;
				ASSETCATALOG_COMPILER_GENERATE_SWIFT_ASSET_SYMBOL_EXTENSIONS = YES;
				CLANG_ANALYZER_NONNULL = YES;
				CLANG_ANALYZER_NUMBER_OBJECT_CONVERSION = YES_AGGRESSIVE;
				CLANG_CXX_LANGUAGE_STANDARD = "gnu++20";
				CLANG_ENABLE_MODULES = YES;
				CLANG_ENABLE_OBJC_ARC = YES;
				CLANG_ENABLE_OBJC_WEAK = YES;
				CLANG_WARN_BLOCK_CAPTURE_AUTORELEASING = YES;
				CLANG_WARN_BOOL_CONVERSION = YES;
				CLANG_WARN_COMMA = YES;
				CLANG_WARN_CONSTANT_CONVERSION = YES;
				CLANG_WARN_DEPRECATED_OBJC_IMPLEMENTATIONS = YES;
				CLANG_WARN_DIRECT_OBJC_ISA_USAGE = YES_ERROR;
				CLANG_WARN_DOCUMENTATION_COMMENTS = YES;
				CLANG_WARN_EMPTY_BODY = YES;
				CLANG_WARN_ENUM_CONVERSION = YES;
				CLANG_WARN_INFINITE_RECURSION = YES;
				CLANG_WARN_INT_CONVERSION = YES;
				CLANG_WARN_NON_LITERAL_NULL_CONVERSION = YES;
				CLANG_WARN_OBJC_IMPLICIT_RETAIN_SELF = YES;
				CLANG_WARN_OBJC_LITERAL_CONVERSION = YES;
				CLANG_WARN_OBJC_ROOT_CLASS = YES_ERROR;
				CLANG_WARN_QUOTED_INCLUDE_IN_FRAMEWORK_HEADER = YES;
				CLANG_WARN_RANGE_LOOP_ANALYSIS = YES;
				CLANG_WARN_STRICT_PROTOTYPES = YES;
				CLANG_WARN_SUSPICIOUS_MOVE = YES;
				CLANG_WARN_UNGUARDED_AVAILABILITY = YES_AGGRESSIVE;
				CLANG_WARN_UNREACHABLE_CODE = YES;
				CLANG_WARN__DUPLICATE_METHOD_MATCH = YES;
				COPY_PHASE_STRIP = NO;
				DEBUG_INFORMATION_FORMAT = "dwarf-with-dsym";
				ENABLE_NS_ASSERTIONS = NO;
				ENABLE_STRICT_OBJC_MSGSEND = YES;
				ENABLE_USER_SCRIPT_SANDBOXING = YES;
				GCC_C_LANGUAGE_STANDARD = gnu17;
				GCC_NO_COMMON_BLOCKS = YES;
				GCC_WARN_64_TO_32_BIT_CONVERSION = YES;
				GCC_WARN_ABOUT_RETURN_TYPE = YES_ERROR;
				GCC_WARN_UNDECLARED_SELECTOR = YES;
				GCC_WARN_UNINITIALIZED_AUTOS = YES_AGGRESSIVE;
				GCC_WARN_UNUSED_FUNCTION = YES;
				GCC_WARN_UNUSED_VARIABLE = YES;
				IPHONEOS_DEPLOYMENT_TARGET = 17.0;
				LOCALIZATION_PREFERS_STRING_CATALOGS = YES;
				MTL_ENABLE_DEBUG_INFO = NO;
				MTL_FAST_MATH = YES;
				SDKROOT = iphoneos;
				SWIFT_COMPILATION_MODE = wholemodule;
				VALIDATE_PRODUCT = YES;
			};
			name = Release;
		};
		29F73DFA2B18784500C11197 /* Debug */ = {
			isa = XCBuildConfiguration;
			buildSettings = {
				ASSETCATALOG_COMPILER_APPICON_NAME = AppIcon;
				ASSETCATALOG_COMPILER_GLOBAL_ACCENT_COLOR_NAME = AccentColor;
				CODE_SIGN_STYLE = Automatic;
				CURRENT_PROJECT_VERSION = 1;
				DEVELOPMENT_ASSET_PATHS = "\"Qesh-swift/Preview Content\"";
				DEVELOPMENT_TEAM = W996984NSA;
				ENABLE_PREVIEWS = YES;
				GENERATE_INFOPLIST_FILE = YES;
				INFOPLIST_KEY_UIApplicationSceneManifest_Generation = YES;
				INFOPLIST_KEY_UIApplicationSupportsIndirectInputEvents = YES;
				INFOPLIST_KEY_UILaunchScreen_Generation = YES;
				INFOPLIST_KEY_UISupportedInterfaceOrientations_iPad = "UIInterfaceOrientationPortrait UIInterfaceOrientationPortraitUpsideDown UIInterfaceOrientationLandscapeLeft UIInterfaceOrientationLandscapeRight";
				INFOPLIST_KEY_UISupportedInterfaceOrientations_iPhone = "UIInterfaceOrientationPortrait UIInterfaceOrientationLandscapeLeft UIInterfaceOrientationLandscapeRight";
				LD_RUNPATH_SEARCH_PATHS = (
					"$(inherited)",
					"@executable_path/Frameworks",
				);
				MARKETING_VERSION = 1.0;
				PRODUCT_BUNDLE_IDENTIFIER = "com.example.Qesh-swift";
				PRODUCT_NAME = "$(TARGET_NAME)";
				SWIFT_EMIT_LOC_STRINGS = YES;
				SWIFT_VERSION = 5.0;
				TARGETED_DEVICE_FAMILY = "1,2";
			};
			name = Debug;
		};
		29F73DFB2B18784500C11197 /* Release */ = {
			isa = XCBuildConfiguration;
			buildSettings = {
				ASSETCATALOG_COMPILER_APPICON_NAME = AppIcon;
				ASSETCATALOG_COMPILER_GLOBAL_ACCENT_COLOR_NAME = AccentColor;
				CODE_SIGN_STYLE = Automatic;
				CURRENT_PROJECT_VERSION = 1;
				DEVELOPMENT_ASSET_PATHS = "\"Qesh-swift/Preview Content\"";
				DEVELOPMENT_TEAM = W996984NSA;
				ENABLE_PREVIEWS = YES;
				GENERATE_INFOPLIST_FILE = YES;
				INFOPLIST_KEY_UIApplicationSceneManifest_Generation = YES;
				INFOPLIST_KEY_UIApplicationSupportsIndirectInputEvents = YES;
				INFOPLIST_KEY_UILaunchScreen_Generation = YES;
				INFOPLIST_KEY_UISupportedInterfaceOrientations_iPad = "UIInterfaceOrientationPortrait UIInterfaceOrientationPortraitUpsideDown UIInterfaceOrientationLandscapeLeft UIInterfaceOrientationLandscapeRight";
				INFOPLIST_KEY_UISupportedInterfaceOrientations_iPhone = "UIInterfaceOrientationPortrait UIInterfaceOrientationLandscapeLeft UIInterfaceOrientationLandscapeRight";
				LD_RUNPATH_SEARCH_PATHS = (
					"$(inherited)",
					"@executable_path/Frameworks",
				);
				MARKETING_VERSION = 1.0;
				PRODUCT_BUNDLE_IDENTIFIER = "com.example.Qesh-swift";
				PRODUCT_NAME = "$(TARGET_NAME)";
				SWIFT_EMIT_LOC_STRINGS = YES;
				SWIFT_VERSION = 5.0;
				TARGETED_DEVICE_FAMILY = "1,2";
			};
			name = Release;
		};
		29F73DFD2B18784500C11197 /* Debug */ = {
			isa = XCBuildConfiguration;
			buildSettings = {
				ALWAYS_EMBED_SWIFT_STANDARD_LIBRARIES = YES;
				BUNDLE_LOADER = "$(TEST_HOST)";
				CODE_SIGN_STYLE = Automatic;
				CURRENT_PROJECT_VERSION = 1;
				DEVELOPMENT_TEAM = W996984NSA;
				GENERATE_INFOPLIST_FILE = YES;
				IPHONEOS_DEPLOYMENT_TARGET = 17.0;
				MARKETING_VERSION = 1.0;
				PRODUCT_BUNDLE_IDENTIFIER = "com.example.Qesh-swiftTests";
				PRODUCT_NAME = "$(TARGET_NAME)";
				SWIFT_EMIT_LOC_STRINGS = NO;
				SWIFT_VERSION = 5.0;
				TARGETED_DEVICE_FAMILY = "1,2";
				TEST_HOST = "$(BUILT_PRODUCTS_DIR)/Qesh-swift.app/$(BUNDLE_EXECUTABLE_FOLDER_PATH)/Qesh-swift";
			};
			name = Debug;
		};
		29F73DFE2B18784500C11197 /* Release */ = {
			isa = XCBuildConfiguration;
			buildSettings = {
				ALWAYS_EMBED_SWIFT_STANDARD_LIBRARIES = YES;
				BUNDLE_LOADER = "$(TEST_HOST)";
				CODE_SIGN_STYLE = Automatic;
				CURRENT_PROJECT_VERSION = 1;
				DEVELOPMENT_TEAM = W996984NSA;
				GENERATE_INFOPLIST_FILE = YES;
				IPHONEOS_DEPLOYMENT_TARGET = 17.0;
				MARKETING_VERSION = 1.0;
				PRODUCT_BUNDLE_IDENTIFIER = "com.example.Qesh-swiftTests";
				PRODUCT_NAME = "$(TARGET_NAME)";
				SWIFT_EMIT_LOC_STRINGS = NO;
				SWIFT_VERSION = 5.0;
				TARGETED_DEVICE_FAMILY = "1,2";
				TEST_HOST = "$(BUILT_PRODUCTS_DIR)/Qesh-swift.app/$(BUNDLE_EXECUTABLE_FOLDER_PATH)/Qesh-swift";
			};
			name = Release;
		};
		29F73E002B18784500C11197 /* Debug */ = {
			isa = XCBuildConfiguration;
			buildSettings = {
				ALWAYS_EMBED_SWIFT_STANDARD_LIBRARIES = YES;
				CODE_SIGN_STYLE = Automatic;
				CURRENT_PROJECT_VERSION = 1;
				DEVELOPMENT_TEAM = W996984NSA;
				GENERATE_INFOPLIST_FILE = YES;
				MARKETING_VERSION = 1.0;
				PRODUCT_BUNDLE_IDENTIFIER = "com.example.Qesh-swiftUITests";
				PRODUCT_NAME = "$(TARGET_NAME)";
				SWIFT_EMIT_LOC_STRINGS = NO;
				SWIFT_VERSION = 5.0;
				TARGETED_DEVICE_FAMILY = "1,2";
				TEST_TARGET_NAME = "Qesh-swift";
			};
			name = Debug;
		};
		29F73E012B18784500C11197 /* Release */ = {
			isa = XCBuildConfiguration;
			buildSettings = {
				ALWAYS_EMBED_SWIFT_STANDARD_LIBRARIES = YES;
				CODE_SIGN_STYLE = Automatic;
				CURRENT_PROJECT_VERSION = 1;
				DEVELOPMENT_TEAM = W996984NSA;
				GENERATE_INFOPLIST_FILE = YES;
				MARKETING_VERSION = 1.0;
				PRODUCT_BUNDLE_IDENTIFIER = "com.example.Qesh-swiftUITests";
				PRODUCT_NAME = "$(TARGET_NAME)";
				SWIFT_EMIT_LOC_STRINGS = NO;
				SWIFT_VERSION = 5.0;
				TARGETED_DEVICE_FAMILY = "1,2";
				TEST_TARGET_NAME = "Qesh-swift";
			};
			name = Release;
		};
/* End XCBuildConfiguration section */

/* Begin XCConfigurationList section */
		29F73DD02B18784300C11197 /* Build configuration list for PBXProject "Qesh-swift" */ = {
			isa = XCConfigurationList;
			buildConfigurations = (
				29F73DF72B18784500C11197 /* Debug */,
				29F73DF82B18784500C11197 /* Release */,
			);
			defaultConfigurationIsVisible = 0;
			defaultConfigurationName = Release;
		};
		29F73DF92B18784500C11197 /* Build configuration list for PBXNativeTarget "Qesh-swift" */ = {
			isa = XCConfigurationList;
			buildConfigurations = (
				29F73DFA2B18784500C11197 /* Debug */,
				29F73DFB2B18784500C11197 /* Release */,
			);
			defaultConfigurationIsVisible = 0;
			defaultConfigurationName = Release;
		};
		29F73DFC2B18784500C11197 /* Build configuration list for PBXNativeTarget "Qesh-swiftTests" */ = {
			isa = XCConfigurationList;
			buildConfigurations = (
				29F73DFD2B18784500C11197 /* Debug */,
				29F73DFE2B18784500C11197 /* Release */,
			);
			defaultConfigurationIsVisible = 0;
			defaultConfigurationName = Release;
		};
		29F73DFF2B18784500C11197 /* Build configuration list for PBXNativeTarget "Qesh-swiftUITests" */ = {
			isa = XCConfigurationList;
			buildConfigurations = (
				29F73E002B18784500C11197 /* Debug */,
				29F73E012B18784500C11197 /* Release */,
			);
			defaultConfigurationIsVisible = 0;
			defaultConfigurationName = Release;
		};
/* End XCConfigurationList section */
	};
	rootObject = 29F73DCD2B18784300C11197 /* Project object */;
}
